// !$*UTF8*$!
{
	archiveVersion = 1;
	classes = {
	};
	objectVersion = 46;
	objects = {

/* Begin PBXBuildFile section */
		857BE7BF1C863FDE00D0C79F /* HomeCell.swift in Sources */ = {isa = PBXBuildFile; fileRef = 857BE7BE1C863FDE00D0C79F /* HomeCell.swift */; };
		859394051C7B8B2700C23B7F /* AppDelegate.swift in Sources */ = {isa = PBXBuildFile; fileRef = 859394041C7B8B2700C23B7F /* AppDelegate.swift */; };
		859394091C7B8B2700C23B7F /* ExploreViewController.swift in Sources */ = {isa = PBXBuildFile; fileRef = 859394081C7B8B2700C23B7F /* ExploreViewController.swift */; };
		8593940C1C7B8B2800C23B7F /* Main.storyboard in Resources */ = {isa = PBXBuildFile; fileRef = 8593940A1C7B8B2800C23B7F /* Main.storyboard */; };
		8593940E1C7B8B2800C23B7F /* Assets.xcassets in Resources */ = {isa = PBXBuildFile; fileRef = 8593940D1C7B8B2800C23B7F /* Assets.xcassets */; };
		859394111C7B8B2800C23B7F /* LaunchScreen.storyboard in Resources */ = {isa = PBXBuildFile; fileRef = 8593940F1C7B8B2800C23B7F /* LaunchScreen.storyboard */; };
		8593941C1C7B8B2900C23B7F /* Senior_ProjectTests.swift in Sources */ = {isa = PBXBuildFile; fileRef = 8593941B1C7B8B2900C23B7F /* Senior_ProjectTests.swift */; };
		859394271C7B8B2900C23B7F /* Senior_ProjectUITests.swift in Sources */ = {isa = PBXBuildFile; fileRef = 859394261C7B8B2900C23B7F /* Senior_ProjectUITests.swift */; };
		85A687DC1C7E6E2C000CC550 /* MapViewController.swift in Sources */ = {isa = PBXBuildFile; fileRef = 85A687DB1C7E6E2C000CC550 /* MapViewController.swift */; };
		85A687DE1C7E6F41000CC550 /* ProfileViewController.swift in Sources */ = {isa = PBXBuildFile; fileRef = 85A687DD1C7E6F41000CC550 /* ProfileViewController.swift */; };
		85FBAB921C88CBB3007C9D61 /* HomeViewController.swift in Sources */ = {isa = PBXBuildFile; fileRef = 85FBAB911C88CBB3007C9D61 /* HomeViewController.swift */; };
/* End PBXBuildFile section */

/* Begin PBXContainerItemProxy section */
		859394181C7B8B2900C23B7F /* PBXContainerItemProxy */ = {
			isa = PBXContainerItemProxy;
			containerPortal = 859393F91C7B8B2600C23B7F /* Project object */;
			proxyType = 1;
			remoteGlobalIDString = 859394001C7B8B2600C23B7F;
			remoteInfo = "Senior Project";
		};
		859394231C7B8B2900C23B7F /* PBXContainerItemProxy */ = {
			isa = PBXContainerItemProxy;
			containerPortal = 859393F91C7B8B2600C23B7F /* Project object */;
			proxyType = 1;
			remoteGlobalIDString = 859394001C7B8B2600C23B7F;
			remoteInfo = "Senior Project";
		};
/* End PBXContainerItemProxy section */

/* Begin PBXFileReference section */
		857BE7BE1C863FDE00D0C79F /* HomeCell.swift */ = {isa = PBXFileReference; fileEncoding = 4; lastKnownFileType = sourcecode.swift; path = HomeCell.swift; sourceTree = "<group>"; };
		859394011C7B8B2700C23B7F /* Senior Project.app */ = {isa = PBXFileReference; explicitFileType = wrapper.application; includeInIndex = 0; path = "Senior Project.app"; sourceTree = BUILT_PRODUCTS_DIR; };
		859394041C7B8B2700C23B7F /* AppDelegate.swift */ = {isa = PBXFileReference; lastKnownFileType = sourcecode.swift; path = AppDelegate.swift; sourceTree = "<group>"; };
		859394081C7B8B2700C23B7F /* ExploreViewController.swift */ = {isa = PBXFileReference; lastKnownFileType = sourcecode.swift; path = ExploreViewController.swift; sourceTree = "<group>"; };
		8593940B1C7B8B2800C23B7F /* Base */ = {isa = PBXFileReference; lastKnownFileType = file.storyboard; name = Base; path = Base.lproj/Main.storyboard; sourceTree = "<group>"; };
		8593940D1C7B8B2800C23B7F /* Assets.xcassets */ = {isa = PBXFileReference; lastKnownFileType = folder.assetcatalog; path = Assets.xcassets; sourceTree = "<group>"; };
		859394101C7B8B2800C23B7F /* Base */ = {isa = PBXFileReference; lastKnownFileType = file.storyboard; name = Base; path = Base.lproj/LaunchScreen.storyboard; sourceTree = "<group>"; };
		859394121C7B8B2800C23B7F /* Info.plist */ = {isa = PBXFileReference; lastKnownFileType = text.plist.xml; path = Info.plist; sourceTree = "<group>"; };
		859394171C7B8B2800C23B7F /* Senior ProjectTests.xctest */ = {isa = PBXFileReference; explicitFileType = wrapper.cfbundle; includeInIndex = 0; path = "Senior ProjectTests.xctest"; sourceTree = BUILT_PRODUCTS_DIR; };
		8593941B1C7B8B2900C23B7F /* Senior_ProjectTests.swift */ = {isa = PBXFileReference; lastKnownFileType = sourcecode.swift; path = Senior_ProjectTests.swift; sourceTree = "<group>"; };
		8593941D1C7B8B2900C23B7F /* Info.plist */ = {isa = PBXFileReference; lastKnownFileType = text.plist.xml; path = Info.plist; sourceTree = "<group>"; };
		859394221C7B8B2900C23B7F /* Senior ProjectUITests.xctest */ = {isa = PBXFileReference; explicitFileType = wrapper.cfbundle; includeInIndex = 0; path = "Senior ProjectUITests.xctest"; sourceTree = BUILT_PRODUCTS_DIR; };
		859394261C7B8B2900C23B7F /* Senior_ProjectUITests.swift */ = {isa = PBXFileReference; lastKnownFileType = sourcecode.swift; path = Senior_ProjectUITests.swift; sourceTree = "<group>"; };
		859394281C7B8B2900C23B7F /* Info.plist */ = {isa = PBXFileReference; lastKnownFileType = text.plist.xml; path = Info.plist; sourceTree = "<group>"; };
		85A687DB1C7E6E2C000CC550 /* MapViewController.swift */ = {isa = PBXFileReference; fileEncoding = 4; lastKnownFileType = sourcecode.swift; path = MapViewController.swift; sourceTree = "<group>"; };
		85A687DD1C7E6F41000CC550 /* ProfileViewController.swift */ = {isa = PBXFileReference; fileEncoding = 4; lastKnownFileType = sourcecode.swift; path = ProfileViewController.swift; sourceTree = "<group>"; };
		85FBAB911C88CBB3007C9D61 /* HomeViewController.swift */ = {isa = PBXFileReference; fileEncoding = 4; lastKnownFileType = sourcecode.swift; path = HomeViewController.swift; sourceTree = "<group>"; };
/* End PBXFileReference section */

/* Begin PBXFrameworksBuildPhase section */
		859393FE1C7B8B2600C23B7F /* Frameworks */ = {
			isa = PBXFrameworksBuildPhase;
			buildActionMask = 2147483647;
			files = (
			);
			runOnlyForDeploymentPostprocessing = 0;
		};
		859394141C7B8B2800C23B7F /* Frameworks */ = {
			isa = PBXFrameworksBuildPhase;
			buildActionMask = 2147483647;
			files = (
			);
			runOnlyForDeploymentPostprocessing = 0;
		};
		8593941F1C7B8B2900C23B7F /* Frameworks */ = {
			isa = PBXFrameworksBuildPhase;
			buildActionMask = 2147483647;
			files = (
			);
			runOnlyForDeploymentPostprocessing = 0;
		};
/* End PBXFrameworksBuildPhase section */

/* Begin PBXGroup section */
		859393F81C7B8B2600C23B7F = {
			isa = PBXGroup;
			children = (
				859394031C7B8B2700C23B7F /* Senior Project */,
				8593941A1C7B8B2900C23B7F /* Senior ProjectTests */,
				859394251C7B8B2900C23B7F /* Senior ProjectUITests */,
				859394021C7B8B2700C23B7F /* Products */,
			);
			sourceTree = "<group>";
		};
		859394021C7B8B2700C23B7F /* Products */ = {
			isa = PBXGroup;
			children = (
				859394011C7B8B2700C23B7F /* Senior Project.app */,
				859394171C7B8B2800C23B7F /* Senior ProjectTests.xctest */,
				859394221C7B8B2900C23B7F /* Senior ProjectUITests.xctest */,
			);
			name = Products;
			sourceTree = "<group>";
		};
		859394031C7B8B2700C23B7F /* Senior Project */ = {
			isa = PBXGroup;
			children = (
				859394041C7B8B2700C23B7F /* AppDelegate.swift */,
				859394081C7B8B2700C23B7F /* ExploreViewController.swift */,
				8593940A1C7B8B2800C23B7F /* Main.storyboard */,
				8593940D1C7B8B2800C23B7F /* Assets.xcassets */,
				8593940F1C7B8B2800C23B7F /* LaunchScreen.storyboard */,
				859394121C7B8B2800C23B7F /* Info.plist */,
				85A687DB1C7E6E2C000CC550 /* MapViewController.swift */,
				85A687DD1C7E6F41000CC550 /* ProfileViewController.swift */,
				857BE7BE1C863FDE00D0C79F /* HomeCell.swift */,
				85FBAB911C88CBB3007C9D61 /* HomeViewController.swift */,
			);
			path = "Senior Project";
			sourceTree = "<group>";
		};
		8593941A1C7B8B2900C23B7F /* Senior ProjectTests */ = {
			isa = PBXGroup;
			children = (
				8593941B1C7B8B2900C23B7F /* Senior_ProjectTests.swift */,
				8593941D1C7B8B2900C23B7F /* Info.plist */,
			);
			path = "Senior ProjectTests";
			sourceTree = "<group>";
		};
		859394251C7B8B2900C23B7F /* Senior ProjectUITests */ = {
			isa = PBXGroup;
			children = (
				859394261C7B8B2900C23B7F /* Senior_ProjectUITests.swift */,
				859394281C7B8B2900C23B7F /* Info.plist */,
			);
			path = "Senior ProjectUITests";
			sourceTree = "<group>";
		};
/* End PBXGroup section */

/* Begin PBXNativeTarget section */
		859394001C7B8B2600C23B7F /* Senior Project */ = {
			isa = PBXNativeTarget;
			buildConfigurationList = 8593942B1C7B8B2900C23B7F /* Build configuration list for PBXNativeTarget "Senior Project" */;
			buildPhases = (
				859393FD1C7B8B2600C23B7F /* Sources */,
				859393FE1C7B8B2600C23B7F /* Frameworks */,
				859393FF1C7B8B2600C23B7F /* Resources */,
			);
			buildRules = (
			);
			dependencies = (
			);
			name = "Senior Project";
			productName = "Senior Project";
			productReference = 859394011C7B8B2700C23B7F /* Senior Project.app */;
			productType = "com.apple.product-type.application";
		};
		859394161C7B8B2800C23B7F /* Senior ProjectTests */ = {
			isa = PBXNativeTarget;
			buildConfigurationList = 8593942E1C7B8B2900C23B7F /* Build configuration list for PBXNativeTarget "Senior ProjectTests" */;
			buildPhases = (
				859394131C7B8B2800C23B7F /* Sources */,
				859394141C7B8B2800C23B7F /* Frameworks */,
				859394151C7B8B2800C23B7F /* Resources */,
			);
			buildRules = (
			);
			dependencies = (
				859394191C7B8B2900C23B7F /* PBXTargetDependency */,
			);
			name = "Senior ProjectTests";
			productName = "Senior ProjectTests";
			productReference = 859394171C7B8B2800C23B7F /* Senior ProjectTests.xctest */;
			productType = "com.apple.product-type.bundle.unit-test";
		};
		859394211C7B8B2900C23B7F /* Senior ProjectUITests */ = {
			isa = PBXNativeTarget;
			buildConfigurationList = 859394311C7B8B2900C23B7F /* Build configuration list for PBXNativeTarget "Senior ProjectUITests" */;
			buildPhases = (
				8593941E1C7B8B2900C23B7F /* Sources */,
				8593941F1C7B8B2900C23B7F /* Frameworks */,
				859394201C7B8B2900C23B7F /* Resources */,
			);
			buildRules = (
			);
			dependencies = (
				859394241C7B8B2900C23B7F /* PBXTargetDependency */,
			);
			name = "Senior ProjectUITests";
			productName = "Senior ProjectUITests";
			productReference = 859394221C7B8B2900C23B7F /* Senior ProjectUITests.xctest */;
			productType = "com.apple.product-type.bundle.ui-testing";
		};
/* End PBXNativeTarget section */

/* Begin PBXProject section */
		859393F91C7B8B2600C23B7F /* Project object */ = {
			isa = PBXProject;
			attributes = {
				LastSwiftUpdateCheck = 0720;
				LastUpgradeCheck = 0720;
				ORGANIZATIONNAME = "Anusha Praturu & Varsha Roopreddy";
				TargetAttributes = {
					859394001C7B8B2600C23B7F = {
						CreatedOnToolsVersion = 7.2.1;
					};
					859394161C7B8B2800C23B7F = {
						CreatedOnToolsVersion = 7.2.1;
						TestTargetID = 859394001C7B8B2600C23B7F;
					};
					859394211C7B8B2900C23B7F = {
						CreatedOnToolsVersion = 7.2.1;
						TestTargetID = 859394001C7B8B2600C23B7F;
					};
				};
			};
			buildConfigurationList = 859393FC1C7B8B2600C23B7F /* Build configuration list for PBXProject "Senior Project" */;
			compatibilityVersion = "Xcode 3.2";
			developmentRegion = English;
			hasScannedForEncodings = 0;
			knownRegions = (
				en,
				Base,
			);
			mainGroup = 859393F81C7B8B2600C23B7F;
			productRefGroup = 859394021C7B8B2700C23B7F /* Products */;
			projectDirPath = "";
			projectRoot = "";
			targets = (
				859394001C7B8B2600C23B7F /* Senior Project */,
				859394161C7B8B2800C23B7F /* Senior ProjectTests */,
				859394211C7B8B2900C23B7F /* Senior ProjectUITests */,
			);
		};
/* End PBXProject section */

/* Begin PBXResourcesBuildPhase section */
		859393FF1C7B8B2600C23B7F /* Resources */ = {
			isa = PBXResourcesBuildPhase;
			buildActionMask = 2147483647;
			files = (
				859394111C7B8B2800C23B7F /* LaunchScreen.storyboard in Resources */,
				8593940E1C7B8B2800C23B7F /* Assets.xcassets in Resources */,
				8593940C1C7B8B2800C23B7F /* Main.storyboard in Resources */,
			);
			runOnlyForDeploymentPostprocessing = 0;
		};
		859394151C7B8B2800C23B7F /* Resources */ = {
			isa = PBXResourcesBuildPhase;
			buildActionMask = 2147483647;
			files = (
			);
			runOnlyForDeploymentPostprocessing = 0;
		};
		859394201C7B8B2900C23B7F /* Resources */ = {
			isa = PBXResourcesBuildPhase;
			buildActionMask = 2147483647;
			files = (
			);
			runOnlyForDeploymentPostprocessing = 0;
		};
/* End PBXResourcesBuildPhase section */

/* Begin PBXSourcesBuildPhase section */
		859393FD1C7B8B2600C23B7F /* Sources */ = {
			isa = PBXSourcesBuildPhase;
			buildActionMask = 2147483647;
			files = (
				859394091C7B8B2700C23B7F /* ExploreViewController.swift in Sources */,
				859394051C7B8B2700C23B7F /* AppDelegate.swift in Sources */,
				85A687DE1C7E6F41000CC550 /* ProfileViewController.swift in Sources */,
				857BE7BF1C863FDE00D0C79F /* HomeCell.swift in Sources */,
				85A687DC1C7E6E2C000CC550 /* MapViewController.swift in Sources */,
				85FBAB921C88CBB3007C9D61 /* HomeViewController.swift in Sources */,
			);
			runOnlyForDeploymentPostprocessing = 0;
		};
		859394131C7B8B2800C23B7F /* Sources */ = {
			isa = PBXSourcesBuildPhase;
			buildActionMask = 2147483647;
			files = (
				8593941C1C7B8B2900C23B7F /* Senior_ProjectTests.swift in Sources */,
			);
			runOnlyForDeploymentPostprocessing = 0;
		};
		8593941E1C7B8B2900C23B7F /* Sources */ = {
			isa = PBXSourcesBuildPhase;
			buildActionMask = 2147483647;
			files = (
				859394271C7B8B2900C23B7F /* Senior_ProjectUITests.swift in Sources */,
			);
			runOnlyForDeploymentPostprocessing = 0;
		};
/* End PBXSourcesBuildPhase section */

/* Begin PBXTargetDependency section */
		859394191C7B8B2900C23B7F /* PBXTargetDependency */ = {
			isa = PBXTargetDependency;
			target = 859394001C7B8B2600C23B7F /* Senior Project */;
			targetProxy = 859394181C7B8B2900C23B7F /* PBXContainerItemProxy */;
		};
		859394241C7B8B2900C23B7F /* PBXTargetDependency */ = {
			isa = PBXTargetDependency;
			target = 859394001C7B8B2600C23B7F /* Senior Project */;
			targetProxy = 859394231C7B8B2900C23B7F /* PBXContainerItemProxy */;
		};
/* End PBXTargetDependency section */

/* Begin PBXVariantGroup section */
		8593940A1C7B8B2800C23B7F /* Main.storyboard */ = {
			isa = PBXVariantGroup;
			children = (
				8593940B1C7B8B2800C23B7F /* Base */,
			);
			name = Main.storyboard;
			sourceTree = "<group>";
		};
		8593940F1C7B8B2800C23B7F /* LaunchScreen.storyboard */ = {
			isa = PBXVariantGroup;
			children = (
				859394101C7B8B2800C23B7F /* Base */,
			);
			name = LaunchScreen.storyboard;
			sourceTree = "<group>";
		};
/* End PBXVariantGroup section */

/* Begin XCBuildConfiguration section */
		859394291C7B8B2900C23B7F /* Debug */ = {
			isa = XCBuildConfiguration;
			buildSettings = {
				ALWAYS_SEARCH_USER_PATHS = NO;
				CLANG_CXX_LANGUAGE_STANDARD = "gnu++0x";
				CLANG_CXX_LIBRARY = "libc++";
				CLANG_ENABLE_MODULES = YES;
				CLANG_ENABLE_OBJC_ARC = YES;
				CLANG_WARN_BOOL_CONVERSION = YES;
				CLANG_WARN_CONSTANT_CONVERSION = YES;
				CLANG_WARN_DIRECT_OBJC_ISA_USAGE = YES_ERROR;
				CLANG_WARN_EMPTY_BODY = YES;
				CLANG_WARN_ENUM_CONVERSION = YES;
				CLANG_WARN_INT_CONVERSION = YES;
				CLANG_WARN_OBJC_ROOT_CLASS = YES_ERROR;
				CLANG_WARN_UNREACHABLE_CODE = YES;
				CLANG_WARN__DUPLICATE_METHOD_MATCH = YES;
				"CODE_SIGN_IDENTITY[sdk=iphoneos*]" = "iPhone Developer";
				COPY_PHASE_STRIP = NO;
				DEBUG_INFORMATION_FORMAT = dwarf;
				ENABLE_STRICT_OBJC_MSGSEND = YES;
				ENABLE_TESTABILITY = YES;
				GCC_C_LANGUAGE_STANDARD = gnu99;
				GCC_DYNAMIC_NO_PIC = NO;
				GCC_NO_COMMON_BLOCKS = YES;
				GCC_OPTIMIZATION_LEVEL = 0;
				GCC_PREPROCESSOR_DEFINITIONS = (
					"DEBUG=1",
					"$(inherited)",
				);
				GCC_WARN_64_TO_32_BIT_CONVERSION = YES;
				GCC_WARN_ABOUT_RETURN_TYPE = YES_ERROR;
				GCC_WARN_UNDECLARED_SELECTOR = YES;
				GCC_WARN_UNINITIALIZED_AUTOS = YES_AGGRESSIVE;
				GCC_WARN_UNUSED_FUNCTION = YES;
				GCC_WARN_UNUSED_VARIABLE = YES;
				IPHONEOS_DEPLOYMENT_TARGET = 9.2;
				MTL_ENABLE_DEBUG_INFO = YES;
				ONLY_ACTIVE_ARCH = YES;
				SDKROOT = iphoneos;
				SWIFT_OPTIMIZATION_LEVEL = "-Onone";
				TARGETED_DEVICE_FAMILY = "1,2";
			};
			name = Debug;
		};
		8593942A1C7B8B2900C23B7F /* Release */ = {
			isa = XCBuildConfiguration;
			buildSettings = {
				ALWAYS_SEARCH_USER_PATHS = NO;
				CLANG_CXX_LANGUAGE_STANDARD = "gnu++0x";
				CLANG_CXX_LIBRARY = "libc++";
				CLANG_ENABLE_MODULES = YES;
				CLANG_ENABLE_OBJC_ARC = YES;
				CLANG_WARN_BOOL_CONVERSION = YES;
				CLANG_WARN_CONSTANT_CONVERSION = YES;
				CLANG_WARN_DIRECT_OBJC_ISA_USAGE = YES_ERROR;
				CLANG_WARN_EMPTY_BODY = YES;
				CLANG_WARN_ENUM_CONVERSION = YES;
				CLANG_WARN_INT_CONVERSION = YES;
				CLANG_WARN_OBJC_ROOT_CLASS = YES_ERROR;
				CLANG_WARN_UNREACHABLE_CODE = YES;
				CLANG_WARN__DUPLICATE_METHOD_MATCH = YES;
				"CODE_SIGN_IDENTITY[sdk=iphoneos*]" = "iPhone Developer";
				COPY_PHASE_STRIP = NO;
				DEBUG_INFORMATION_FORMAT = "dwarf-with-dsym";
				ENABLE_NS_ASSERTIONS = NO;
				ENABLE_STRICT_OBJC_MSGSEND = YES;
				GCC_C_LANGUAGE_STANDARD = gnu99;
				GCC_NO_COMMON_BLOCKS = YES;
				GCC_WARN_64_TO_32_BIT_CONVERSION = YES;
				GCC_WARN_ABOUT_RETURN_TYPE = YES_ERROR;
				GCC_WARN_UNDECLARED_SELECTOR = YES;
				GCC_WARN_UNINITIALIZED_AUTOS = YES_AGGRESSIVE;
				GCC_WARN_UNUSED_FUNCTION = YES;
				GCC_WARN_UNUSED_VARIABLE = YES;
				IPHONEOS_DEPLOYMENT_TARGET = 9.2;
				MTL_ENABLE_DEBUG_INFO = NO;
				SDKROOT = iphoneos;
				TARGETED_DEVICE_FAMILY = "1,2";
				VALIDATE_PRODUCT = YES;
			};
			name = Release;
		};
		8593942C1C7B8B2900C23B7F /* Debug */ = {
			isa = XCBuildConfiguration;
			buildSettings = {
				ASSETCATALOG_COMPILER_APPICON_NAME = AppIcon;
				INFOPLIST_FILE = "Senior Project/Info.plist";
				LD_RUNPATH_SEARCH_PATHS = "$(inherited) @executable_path/Frameworks";
				PRODUCT_BUNDLE_IDENTIFIER = "edu.calpoly.Senior-Project";
				PRODUCT_NAME = "$(TARGET_NAME)";
			};
			name = Debug;
		};
		8593942D1C7B8B2900C23B7F /* Release */ = {
			isa = XCBuildConfiguration;
			buildSettings = {
				ASSETCATALOG_COMPILER_APPICON_NAME = AppIcon;
				INFOPLIST_FILE = "Senior Project/Info.plist";
				LD_RUNPATH_SEARCH_PATHS = "$(inherited) @executable_path/Frameworks";
				PRODUCT_BUNDLE_IDENTIFIER = "edu.calpoly.Senior-Project";
				PRODUCT_NAME = "$(TARGET_NAME)";
			};
			name = Release;
		};
		8593942F1C7B8B2900C23B7F /* Debug */ = {
			isa = XCBuildConfiguration;
			buildSettings = {
				BUNDLE_LOADER = "$(TEST_HOST)";
				INFOPLIST_FILE = "Senior ProjectTests/Info.plist";
				LD_RUNPATH_SEARCH_PATHS = "$(inherited) @executable_path/Frameworks @loader_path/Frameworks";
				PRODUCT_BUNDLE_IDENTIFIER = "edu.calpoly.Senior-ProjectTests";
				PRODUCT_NAME = "$(TARGET_NAME)";
				TEST_HOST = "$(BUILT_PRODUCTS_DIR)/Senior Project.app/Senior Project";
			};
			name = Debug;
		};
		859394301C7B8B2900C23B7F /* Release */ = {
			isa = XCBuildConfiguration;
			buildSettings = {
				BUNDLE_LOADER = "$(TEST_HOST)";
				INFOPLIST_FILE = "Senior ProjectTests/Info.plist";
				LD_RUNPATH_SEARCH_PATHS = "$(inherited) @executable_path/Frameworks @loader_path/Frameworks";
				PRODUCT_BUNDLE_IDENTIFIER = "edu.calpoly.Senior-ProjectTests";
				PRODUCT_NAME = "$(TARGET_NAME)";
				TEST_HOST = "$(BUILT_PRODUCTS_DIR)/Senior Project.app/Senior Project";
			};
			name = Release;
		};
		859394321C7B8B2900C23B7F /* Debug */ = {
			isa = XCBuildConfiguration;
			buildSettings = {
				INFOPLIST_FILE = "Senior ProjectUITests/Info.plist";
				LD_RUNPATH_SEARCH_PATHS = "$(inherited) @executable_path/Frameworks @loader_path/Frameworks";
				PRODUCT_BUNDLE_IDENTIFIER = "edu.calpoly.Senior-ProjectUITests";
				PRODUCT_NAME = "$(TARGET_NAME)";
				TEST_TARGET_NAME = "Senior Project";
				USES_XCTRUNNER = YES;
			};
			name = Debug;
		};
		859394331C7B8B2900C23B7F /* Release */ = {
			isa = XCBuildConfiguration;
			buildSettings = {
				INFOPLIST_FILE = "Senior ProjectUITests/Info.plist";
				LD_RUNPATH_SEARCH_PATHS = "$(inherited) @executable_path/Frameworks @loader_path/Frameworks";
				PRODUCT_BUNDLE_IDENTIFIER = "edu.calpoly.Senior-ProjectUITests";
				PRODUCT_NAME = "$(TARGET_NAME)";
				TEST_TARGET_NAME = "Senior Project";
				USES_XCTRUNNER = YES;
			};
			name = Release;
		};
/* End XCBuildConfiguration section */

/* Begin XCConfigurationList section */
		859393FC1C7B8B2600C23B7F /* Build configuration list for PBXProject "Senior Project" */ = {
			isa = XCConfigurationList;
			buildConfigurations = (
				859394291C7B8B2900C23B7F /* Debug */,
				8593942A1C7B8B2900C23B7F /* Release */,
			);
			defaultConfigurationIsVisible = 0;
			defaultConfigurationName = Release;
		};
		8593942B1C7B8B2900C23B7F /* Build configuration list for PBXNativeTarget "Senior Project" */ = {
			isa = XCConfigurationList;
			buildConfigurations = (
				8593942C1C7B8B2900C23B7F /* Debug */,
				8593942D1C7B8B2900C23B7F /* Release */,
			);
			defaultConfigurationIsVisible = 0;
			defaultConfigurationName = Release;
		};
		8593942E1C7B8B2900C23B7F /* Build configuration list for PBXNativeTarget "Senior ProjectTests" */ = {
			isa = XCConfigurationList;
			buildConfigurations = (
				8593942F1C7B8B2900C23B7F /* Debug */,
				859394301C7B8B2900C23B7F /* Release */,
			);
			defaultConfigurationIsVisible = 0;
			defaultConfigurationName = Release;
		};
		859394311C7B8B2900C23B7F /* Build configuration list for PBXNativeTarget "Senior ProjectUITests" */ = {
			isa = XCConfigurationList;
			buildConfigurations = (
				859394321C7B8B2900C23B7F /* Debug */,
				859394331C7B8B2900C23B7F /* Release */,
			);
			defaultConfigurationIsVisible = 0;
			defaultConfigurationName = Release;
		};
/* End XCConfigurationList section */
	};
	rootObject = 859393F91C7B8B2600C23B7F /* Project object */;
}
